# @generated - this file is auto-generated by `mise lock` https://mise.en.dev/dev-tools/mise-lock.html

[[tools.elixir]]
version = "1.20.3-otp-29"
backend = "core:elixir"

[[tools.erlang]]
version = "29.0.5"
backend = "core:erlang"

[[tools.hk]]
version = "1.56.0"
backend = "aqua:jdx/hk"

[[tools.pkl]]
version = "0.30.2"
backend = "aqua:apple/pkl"
